
Microsoft Visual Studio Solution File, Format Version 11.00
# Visual Studio 2010
Project("{FAE04EC0-301F-11D3-BF4B-00C04F79EFBC}") = "Microsoft.MixedReality.Toolkit.SDK", "Microsoft.MixedReality.Toolkit.SDK.csproj", "{ACDC94BA-F2CF-EAF1-4660-5A5AC960443B}"
EndProject
Project("{FAE04EC0-301F-11D3-BF4B-00C04F79EFBC}") = "Microsoft.MixedReality.Toolkit.Providers.OpenVR", "Microsoft.MixedReality.Toolkit.Providers.OpenVR.csproj", "{7C7A239D-5F25-B69F-D622-F93419EDECCD}"
EndProject
Project("{FAE04EC0-301F-11D3-BF4B-00C04F79EFBC}") = "Microsoft.MixedReality.Toolkit", "Microsoft.MixedReality.Toolkit.csproj", "{22581282-7A28-3EAB-E8A9-95C7DBE8FB2E}"
EndProject
Project("{FAE04EC0-301F-11D3-BF4B-00C04F79EFBC}") = "Microsoft.MixedReality.Toolkit.Services.SpatialAwarenessSystem", "Microsoft.MixedReality.Toolkit.Services.SpatialAwarenessSystem.csproj", "{B965E5DD-A59A-86F0-A8A5-425A9066DE2F}"
EndProject
Project("{FAE04EC0-301F-11D3-BF4B-00C04F79EFBC}") = "Microsoft.MixedReality.Toolkit.Gltf", "Microsoft.MixedReality.Toolkit.Gltf.csproj", "{0C0A50AA-7E0C-BB45-B8BC-27955F8B53B1}"
EndProject
Project("{FAE04EC0-301F-11D3-BF4B-00C04F79EFBC}") = "Microsoft.MixedReality.Toolkit.Services.SceneSystem", "Microsoft.MixedReality.Toolkit.Services.SceneSystem.csproj", "{E28950DD-1E0B-A562-0F47-1F4654B74404}"
EndProject
Project("{FAE04EC0-301F-11D3-BF4B-00C04F79EFBC}") = "Microsoft.MixedReality.Toolkit.Services.InputSystem", "Microsoft.MixedReality.Toolkit.Services.InputSystem.csproj", "{6509717D-BF5A-2863-FA7B-BB43E6B1F018}"
EndProject
Project("{FAE04EC0-301F-11D3-BF4B-00C04F79EFBC}") = "Microsoft.MixedReality.Toolkit.Services.InputSimulation", "Microsoft.MixedReality.Toolkit.Services.InputSimulation.csproj", "{092D13AA-3D7E-48A8-0853-AB60191FA0FC}"
EndProject
Project("{FAE04EC0-301F-11D3-BF4B-00C04F79EFBC}") = "Microsoft.MixedReality.Toolkit.Services.InputAnimation", "Microsoft.MixedReality.Toolkit.Services.InputAnimation.csproj", "{561CD464-A48F-8AD5-A89A-AB9BC323273D}"
EndProject
Project("{FAE04EC0-301F-11D3-BF4B-00C04F79EFBC}") = "Microsoft.MixedReality.Toolkit.Services.DiagnosticsSystem", "Microsoft.MixedReality.Toolkit.Services.DiagnosticsSystem.csproj", "{C14090C6-060F-40E1-8600-12524099E2A4}"
EndProject
Project("{FAE04EC0-301F-11D3-BF4B-00C04F79EFBC}") = "Microsoft.MixedReality.Toolkit.Async", "Microsoft.MixedReality.Toolkit.Async.csproj", "{8006EB99-B431-5B45-BC8C-10F09004AFE5}"
EndProject
Project("{FAE04EC0-301F-11D3-BF4B-00C04F79EFBC}") = "Microsoft.MixedReality.Toolkit.Providers.WindowsMixedReality", "Microsoft.MixedReality.Toolkit.Providers.WindowsMixedReality.csproj", "{7F3F5A1D-4ACD-FE25-AE47-66C3219F2186}"
EndProject
Project("{FAE04EC0-301F-11D3-BF4B-00C04F79EFBC}") = "Microsoft.MixedReality.Toolkit.Providers.WindowsVoiceInput", "Microsoft.MixedReality.Toolkit.Providers.WindowsVoiceInput.csproj", "{3C0CC28F-7F0D-3243-B7F6-22619AF0A2CA}"
EndProject
Project("{FAE04EC0-301F-11D3-BF4B-00C04F79EFBC}") = "Microsoft.MixedReality.Toolkit.Services.TeleportSystem", "Microsoft.MixedReality.Toolkit.Services.TeleportSystem.csproj", "{E02F82C6-7265-B4B9-07B9-047C9750C14A}"
EndProject
Project("{FAE04EC0-301F-11D3-BF4B-00C04F79EFBC}") = "Microsoft.MixedReality.Toolkit.Services.CameraSystem", "Microsoft.MixedReality.Toolkit.Services.CameraSystem.csproj", "{1358DA67-9193-BE81-3ECD-37AFF9DDF3AE}"
EndProject
Project("{FAE04EC0-301F-11D3-BF4B-00C04F79EFBC}") = "Microsoft.MixedReality.Toolkit.Services.BoundarySystem", "Microsoft.MixedReality.Toolkit.Services.BoundarySystem.csproj", "{EE909145-83DF-9F1C-8270-891235D3593D}"
EndProject
Project("{FAE04EC0-301F-11D3-BF4B-00C04F79EFBC}") = "Assembly-CSharp", "Assembly-CSharp.csproj", "{BC305E68-C0E1-EF0A-B0DA-921756108A32}"
EndProject
Project("{FAE04EC0-301F-11D3-BF4B-00C04F79EFBC}") = "Microsoft.MixedReality.Toolkit.Examples", "Microsoft.MixedReality.Toolkit.Examples.csproj", "{4E2FC919-44AA-3F07-51A8-D5795F9DF7FB}"
EndProject
Project("{FAE04EC0-301F-11D3-BF4B-00C04F79EFBC}") = "Microsoft.MixedReality.Toolkit.Demos.InspectorFields", "Microsoft.MixedReality.Toolkit.Demos.InspectorFields.csproj", "{2CD62E8D-B2A6-5764-3985-18B321DF2FDD}"
EndProject
Project("{FAE04EC0-301F-11D3-BF4B-00C04F79EFBC}") = "Microsoft.MixedReality.Toolkit.Demos.Gltf", "Microsoft.MixedReality.Toolkit.Demos.Gltf.csproj", "{EB552D41-85A9-156F-765C-A2726B40FDC1}"
EndProject
Project("{FAE04EC0-301F-11D3-BF4B-00C04F79EFBC}") = "Microsoft.MixedReality.Toolkit.Demos.UX.Interactables", "Microsoft.MixedReality.Toolkit.Demos.UX.Interactables.csproj", "{3DBFB496-465D-B8F1-E0A4-3235524B229A}"
EndProject
Project("{FAE04EC0-301F-11D3-BF4B-00C04F79EFBC}") = "Microsoft.MixedReality.Toolkit.SDK.Inspectors", "Microsoft.MixedReality.Toolkit.SDK.Inspectors.csproj", "{33753CD9-DFCE-8027-5A83-EE99D18D3FAB}"
EndProject
Project("{FAE04EC0-301F-11D3-BF4B-00C04F79EFBC}") = "Microsoft.MixedReality.Toolkit.Editor.Inspectors", "Microsoft.MixedReality.Toolkit.Editor.Inspectors.csproj", "{EC04630C-AB1B-D0A4-90E8-2A7168B5387C}"
EndProject
Project("{FAE04EC0-301F-11D3-BF4B-00C04F79EFBC}") = "Microsoft.MixedReality.Toolkit.Editor.ServiceInspectors", "Microsoft.MixedReality.Toolkit.Editor.ServiceInspectors.csproj", "{B7C534BB-29CC-DD09-5318-C2229177536B}"
EndProject
Project("{FAE04EC0-301F-11D3-BF4B-00C04F79EFBC}") = "Microsoft.MixedReality.Toolkit.Editor.Utilities", "Microsoft.MixedReality.Toolkit.Editor.Utilities.csproj", "{1DA285D4-7296-C520-512B-63F28D67CB88}"
EndProject
Project("{FAE04EC0-301F-11D3-BF4B-00C04F79EFBC}") = "Microsoft.MixedReality.Toolkit.Providers.ObjectMeshObserver", "Microsoft.MixedReality.Toolkit.Providers.ObjectMeshObserver.csproj", "{B18203E1-50A0-7246-1C2D-4738E28342AF}"
EndProject
Project("{FAE04EC0-301F-11D3-BF4B-00C04F79EFBC}") = "Microsoft.MixedReality.Toolkit.Editor.ClassExtensions", "Microsoft.MixedReality.Toolkit.Editor.ClassExtensions.csproj", "{3B27478E-9239-634A-9307-DA23D9394BB7}"
EndProject
Project("{FAE04EC0-301F-11D3-BF4B-00C04F79EFBC}") = "Microsoft.MixedReality.Toolkit.Gltf.Importers", "Microsoft.MixedReality.Toolkit.Gltf.Importers.csproj", "{A2114C9C-3800-E7B0-B1DB-D1A1273483F1}"
EndProject
Project("{FAE04EC0-301F-11D3-BF4B-00C04F79EFBC}") = "Microsoft.MixedReality.Toolkit.Editor.BuildAndDeploy", "Microsoft.MixedReality.Toolkit.Editor.BuildAndDeploy.csproj", "{40CDDFEC-21B6-60E1-C8CC-5B3FC0FDF2E4}"
EndProject
Project("{FAE04EC0-301F-11D3-BF4B-00C04F79EFBC}") = "Microsoft.MixedReality.Toolkit.Services.InputSimulation.Editor", "Microsoft.MixedReality.Toolkit.Services.InputSimulation.Editor.csproj", "{984B638A-2EBE-C7A9-9A96-7A099A9A6E0A}"
EndProject
Project("{FAE04EC0-301F-11D3-BF4B-00C04F79EFBC}") = "Microsoft.MixedReality.Toolkit.Services.InputSystem.Editor", "Microsoft.MixedReality.Toolkit.Services.InputSystem.Editor.csproj", "{20F8006E-9827-005D-B2D9-C11B4F71DFB3}"
EndProject
Project("{FAE04EC0-301F-11D3-BF4B-00C04F79EFBC}") = "Microsoft.MixedReality.Toolkit.Demos.InspectorFields.Inspectors", "Microsoft.MixedReality.Toolkit.Demos.InspectorFields.Inspectors.csproj", "{61BA61F0-FF3E-6D77-A755-A7146780D672}"
EndProject
Project("{FAE04EC0-301F-11D3-BF4B-00C04F79EFBC}") = "Microsoft.MixedReality.Toolkit.Examples.Editor.Inspectors", "Microsoft.MixedReality.Toolkit.Examples.Editor.Inspectors.csproj", "{76E2A60A-FFD9-8469-1F5C-280CBF0D09A7}"
EndProject
Project("{FAE04EC0-301F-11D3-BF4B-00C04F79EFBC}") = "Microsoft.MixedReality.Toolkit.Demos.StandardShader.Inspectors", "Microsoft.MixedReality.Toolkit.Demos.StandardShader.Inspectors.csproj", "{FED5839B-3452-42C4-8869-410EC729EC03}"
EndProject
Project("{FAE04EC0-301F-11D3-BF4B-00C04F79EFBC}") = "Microsoft.MixedReality.Toolkit.Demos.Gltf.Inspectors", "Microsoft.MixedReality.Toolkit.Demos.Gltf.Inspectors.csproj", "{AAC4AB85-0F7E-84A4-957D-A173C6F62FBA}"
EndProject
Global
	GlobalSection(SolutionConfigurationPlatforms) = preSolution
		Debug|Any CPU = Debug|Any CPU
		Release|Any CPU = Release|Any CPU
	EndGlobalSection
	GlobalSection(ProjectConfigurationPlatforms) = postSolution
		{ACDC94BA-F2CF-EAF1-4660-5A5AC960443B}.Debug|Any CPU.ActiveCfg = Debug|Any CPU
		{ACDC94BA-F2CF-EAF1-4660-5A5AC960443B}.Debug|Any CPU.Build.0 = Debug|Any CPU
		{ACDC94BA-F2CF-EAF1-4660-5A5AC960443B}.Release|Any CPU.ActiveCfg = Release|Any CPU
		{ACDC94BA-F2CF-EAF1-4660-5A5AC960443B}.Release|Any CPU.Build.0 = Release|Any CPU
		{7C7A239D-5F25-B69F-D622-F93419EDECCD}.Debug|Any CPU.ActiveCfg = Debug|Any CPU
		{7C7A239D-5F25-B69F-D622-F93419EDECCD}.Debug|Any CPU.Build.0 = Debug|Any CPU
		{7C7A239D-5F25-B69F-D622-F93419EDECCD}.Release|Any CPU.ActiveCfg = Release|Any CPU
		{7C7A239D-5F25-B69F-D622-F93419EDECCD}.Release|Any CPU.Build.0 = Release|Any CPU
		{22581282-7A28-3EAB-E8A9-95C7DBE8FB2E}.Debug|Any CPU.ActiveCfg = Debug|Any CPU
		{22581282-7A28-3EAB-E8A9-95C7DBE8FB2E}.Debug|Any CPU.Build.0 = Debug|Any CPU
		{22581282-7A28-3EAB-E8A9-95C7DBE8FB2E}.Release|Any CPU.ActiveCfg = Release|Any CPU
		{22581282-7A28-3EAB-E8A9-95C7DBE8FB2E}.Release|Any CPU.Build.0 = Release|Any CPU
		{B965E5DD-A59A-86F0-A8A5-425A9066DE2F}.Debug|Any CPU.ActiveCfg = Debug|Any CPU
		{B965E5DD-A59A-86F0-A8A5-425A9066DE2F}.Debug|Any CPU.Build.0 = Debug|Any CPU
		{B965E5DD-A59A-86F0-A8A5-425A9066DE2F}.Release|Any CPU.ActiveCfg = Release|Any CPU
		{B965E5DD-A59A-86F0-A8A5-425A9066DE2F}.Release|Any CPU.Build.0 = Release|Any CPU
		{0C0A50AA-7E0C-BB45-B8BC-27955F8B53B1}.Debug|Any CPU.ActiveCfg = Debug|Any CPU
		{0C0A50AA-7E0C-BB45-B8BC-27955F8B53B1}.Debug|Any CPU.Build.0 = Debug|Any CPU
		{0C0A50AA-7E0C-BB45-B8BC-27955F8B53B1}.Release|Any CPU.ActiveCfg = Release|Any CPU
		{0C0A50AA-7E0C-BB45-B8BC-27955F8B53B1}.Release|Any CPU.Build.0 = Release|Any CPU
		{E28950DD-1E0B-A562-0F47-1F4654B74404}.Debug|Any CPU.ActiveCfg = Debug|Any CPU
		{E28950DD-1E0B-A562-0F47-1F4654B74404}.Debug|Any CPU.Build.0 = Debug|Any CPU
		{E28950DD-1E0B-A562-0F47-1F4654B74404}.Release|Any CPU.ActiveCfg = Release|Any CPU
		{E28950DD-1E0B-A562-0F47-1F4654B74404}.Release|Any CPU.Build.0 = Release|Any CPU
		{6509717D-BF5A-2863-FA7B-BB43E6B1F018}.Debug|Any CPU.ActiveCfg = Debug|Any CPU
		{6509717D-BF5A-2863-FA7B-BB43E6B1F018}.Debug|Any CPU.Build.0 = Debug|Any CPU
		{6509717D-BF5A-2863-FA7B-BB43E6B1F018}.Release|Any CPU.ActiveCfg = Release|Any CPU
		{6509717D-BF5A-2863-FA7B-BB43E6B1F018}.Release|Any CPU.Build.0 = Release|Any CPU
		{092D13AA-3D7E-48A8-0853-AB60191FA0FC}.Debug|Any CPU.ActiveCfg = Debug|Any CPU
		{092D13AA-3D7E-48A8-0853-AB60191FA0FC}.Debug|Any CPU.Build.0 = Debug|Any CPU
		{092D13AA-3D7E-48A8-0853-AB60191FA0FC}.Release|Any CPU.ActiveCfg = Release|Any CPU
		{092D13AA-3D7E-48A8-0853-AB60191FA0FC}.Release|Any CPU.Build.0 = Release|Any CPU
		{561CD464-A48F-8AD5-A89A-AB9BC323273D}.Debug|Any CPU.ActiveCfg = Debug|Any CPU
		{561CD464-A48F-8AD5-A89A-AB9BC323273D}.Debug|Any CPU.Build.0 = Debug|Any CPU
		{561CD464-A48F-8AD5-A89A-AB9BC323273D}.Release|Any CPU.ActiveCfg = Release|Any CPU
		{561CD464-A48F-8AD5-A89A-AB9BC323273D}.Release|Any CPU.Build.0 = Release|Any CPU
		{C14090C6-060F-40E1-8600-12524099E2A4}.Debug|Any CPU.ActiveCfg = Debug|Any CPU
		{C14090C6-060F-40E1-8600-12524099E2A4}.Debug|Any CPU.Build.0 = Debug|Any CPU
		{C14090C6-060F-40E1-8600-12524099E2A4}.Release|Any CPU.ActiveCfg = Release|Any CPU
		{C14090C6-060F-40E1-8600-12524099E2A4}.Release|Any CPU.Build.0 = Release|Any CPU
		{8006EB99-B431-5B45-BC8C-10F09004AFE5}.Debug|Any CPU.ActiveCfg = Debug|Any CPU
		{8006EB99-B431-5B45-BC8C-10F09004AFE5}.Debug|Any CPU.Build.0 = Debug|Any CPU
		{8006EB99-B431-5B45-BC8C-10F09004AFE5}.Release|Any CPU.ActiveCfg = Release|Any CPU
		{8006EB99-B431-5B45-BC8C-10F09004AFE5}.Release|Any CPU.Build.0 = Release|Any CPU
		{7F3F5A1D-4ACD-FE25-AE47-66C3219F2186}.Debug|Any CPU.ActiveCfg = Debug|Any CPU
		{7F3F5A1D-4ACD-FE25-AE47-66C3219F2186}.Debug|Any CPU.Build.0 = Debug|Any CPU
		{7F3F5A1D-4ACD-FE25-AE47-66C3219F2186}.Release|Any CPU.ActiveCfg = Release|Any CPU
		{7F3F5A1D-4ACD-FE25-AE47-66C3219F2186}.Release|Any CPU.Build.0 = Release|Any CPU
		{3C0CC28F-7F0D-3243-B7F6-22619AF0A2CA}.Debug|Any CPU.ActiveCfg = Debug|Any CPU
		{3C0CC28F-7F0D-3243-B7F6-22619AF0A2CA}.Debug|Any CPU.Build.0 = Debug|Any CPU
		{3C0CC28F-7F0D-3243-B7F6-22619AF0A2CA}.Release|Any CPU.ActiveCfg = Release|Any CPU
		{3C0CC28F-7F0D-3243-B7F6-22619AF0A2CA}.Release|Any CPU.Build.0 = Release|Any CPU
		{E02F82C6-7265-B4B9-07B9-047C9750C14A}.Debug|Any CPU.ActiveCfg = Debug|Any CPU
		{E02F82C6-7265-B4B9-07B9-047C9750C14A}.Debug|Any CPU.Build.0 = Debug|Any CPU
		{E02F82C6-7265-B4B9-07B9-047C9750C14A}.Release|Any CPU.ActiveCfg = Release|Any CPU
		{E02F82C6-7265-B4B9-07B9-047C9750C14A}.Release|Any CPU.Build.0 = Release|Any CPU
		{1358DA67-9193-BE81-3ECD-37AFF9DDF3AE}.Debug|Any CPU.ActiveCfg = Debug|Any CPU
		{1358DA67-9193-BE81-3ECD-37AFF9DDF3AE}.Debug|Any CPU.Build.0 = Debug|Any CPU
		{1358DA67-9193-BE81-3ECD-37AFF9DDF3AE}.Release|Any CPU.ActiveCfg = Release|Any CPU
		{1358DA67-9193-BE81-3ECD-37AFF9DDF3AE}.Release|Any CPU.Build.0 = Release|Any CPU
		{EE909145-83DF-9F1C-8270-891235D3593D}.Debug|Any CPU.ActiveCfg = Debug|Any CPU
		{EE909145-83DF-9F1C-8270-891235D3593D}.Debug|Any CPU.Build.0 = Debug|Any CPU
		{EE909145-83DF-9F1C-8270-891235D3593D}.Release|Any CPU.ActiveCfg = Release|Any CPU
		{EE909145-83DF-9F1C-8270-891235D3593D}.Release|Any CPU.Build.0 = Release|Any CPU
		{BC305E68-C0E1-EF0A-B0DA-921756108A32}.Debug|Any CPU.ActiveCfg = Debug|Any CPU
		{BC305E68-C0E1-EF0A-B0DA-921756108A32}.Debug|Any CPU.Build.0 = Debug|Any CPU
		{BC305E68-C0E1-EF0A-B0DA-921756108A32}.Release|Any CPU.ActiveCfg = Release|Any CPU
		{BC305E68-C0E1-EF0A-B0DA-921756108A32}.Release|Any CPU.Build.0 = Release|Any CPU
		{4E2FC919-44AA-3F07-51A8-D5795F9DF7FB}.Debug|Any CPU.ActiveCfg = Debug|Any CPU
		{4E2FC919-44AA-3F07-51A8-D5795F9DF7FB}.Debug|Any CPU.Build.0 = Debug|Any CPU
		{4E2FC919-44AA-3F07-51A8-D5795F9DF7FB}.Release|Any CPU.ActiveCfg = Release|Any CPU
		{4E2FC919-44AA-3F07-51A8-D5795F9DF7FB}.Release|Any CPU.Build.0 = Release|Any CPU
		{2CD62E8D-B2A6-5764-3985-18B321DF2FDD}.Debug|Any CPU.ActiveCfg = Debug|Any CPU
		{2CD62E8D-B2A6-5764-3985-18B321DF2FDD}.Debug|Any CPU.Build.0 = Debug|Any CPU
		{2CD62E8D-B2A6-5764-3985-18B321DF2FDD}.Release|Any CPU.ActiveCfg = Release|Any CPU
		{2CD62E8D-B2A6-5764-3985-18B321DF2FDD}.Release|Any CPU.Build.0 = Release|Any CPU
		{EB552D41-85A9-156F-765C-A2726B40FDC1}.Debug|Any CPU.ActiveCfg = Debug|Any CPU
		{EB552D41-85A9-156F-765C-A2726B40FDC1}.Debug|Any CPU.Build.0 = Debug|Any CPU
		{EB552D41-85A9-156F-765C-A2726B40FDC1}.Release|Any CPU.ActiveCfg = Release|Any CPU
		{EB552D41-85A9-156F-765C-A2726B40FDC1}.Release|Any CPU.Build.0 = Release|Any CPU
		{3DBFB496-465D-B8F1-E0A4-3235524B229A}.Debug|Any CPU.ActiveCfg = Debug|Any CPU
		{3DBFB496-465D-B8F1-E0A4-3235524B229A}.Debug|Any CPU.Build.0 = Debug|Any CPU
		{3DBFB496-465D-B8F1-E0A4-3235524B229A}.Release|Any CPU.ActiveCfg = Release|Any CPU
		{3DBFB496-465D-B8F1-E0A4-3235524B229A}.Release|Any CPU.Build.0 = Release|Any CPU
		{33753CD9-DFCE-8027-5A83-EE99D18D3FAB}.Debug|Any CPU.ActiveCfg = Debug|Any CPU
		{33753CD9-DFCE-8027-5A83-EE99D18D3FAB}.Debug|Any CPU.Build.0 = Debug|Any CPU
		{33753CD9-DFCE-8027-5A83-EE99D18D3FAB}.Release|Any CPU.ActiveCfg = Release|Any CPU
		{33753CD9-DFCE-8027-5A83-EE99D18D3FAB}.Release|Any CPU.Build.0 = Release|Any CPU
		{EC04630C-AB1B-D0A4-90E8-2A7168B5387C}.Debug|Any CPU.ActiveCfg = Debug|Any CPU
		{EC04630C-AB1B-D0A4-90E8-2A7168B5387C}.Debug|Any CPU.Build.0 = Debug|Any CPU
		{EC04630C-AB1B-D0A4-90E8-2A7168B5387C}.Release|Any CPU.ActiveCfg = Release|Any CPU
		{EC04630C-AB1B-D0A4-90E8-2A7168B5387C}.Release|Any CPU.Build.0 = Release|Any CPU
		{B7C534BB-29CC-DD09-5318-C2229177536B}.Debug|Any CPU.ActiveCfg = Debug|Any CPU
		{B7C534BB-29CC-DD09-5318-C2229177536B}.Debug|Any CPU.Build.0 = Debug|Any CPU
		{B7C534BB-29CC-DD09-5318-C2229177536B}.Release|Any CPU.ActiveCfg = Release|Any CPU
		{B7C534BB-29CC-DD09-5318-C2229177536B}.Release|Any CPU.Build.0 = Release|Any CPU
		{1DA285D4-7296-C520-512B-63F28D67CB88}.Debug|Any CPU.ActiveCfg = Debug|Any CPU
		{1DA285D4-7296-C520-512B-63F28D67CB88}.Debug|Any CPU.Build.0 = Debug|Any CPU
		{1DA285D4-7296-C520-512B-63F28D67CB88}.Release|Any CPU.ActiveCfg = Release|Any CPU
		{1DA285D4-7296-C520-512B-63F28D67CB88}.Release|Any CPU.Build.0 = Release|Any CPU
		{B18203E1-50A0-7246-1C2D-4738E28342AF}.Debug|Any CPU.ActiveCfg = Debug|Any CPU
		{B18203E1-50A0-7246-1C2D-4738E28342AF}.Debug|Any CPU.Build.0 = Debug|Any CPU
		{B18203E1-50A0-7246-1C2D-4738E28342AF}.Release|Any CPU.ActiveCfg = Release|Any CPU
		{B18203E1-50A0-7246-1C2D-4738E28342AF}.Release|Any CPU.Build.0 = Release|Any CPU
		{3B27478E-9239-634A-9307-DA23D9394BB7}.Debug|Any CPU.ActiveCfg = Debug|Any CPU
		{3B27478E-9239-634A-9307-DA23D9394BB7}.Debug|Any CPU.Build.0 = Debug|Any CPU
		{3B27478E-9239-634A-9307-DA23D9394BB7}.Release|Any CPU.ActiveCfg = Release|Any CPU
		{3B27478E-9239-634A-9307-DA23D9394BB7}.Release|Any CPU.Build.0 = Release|Any CPU
		{A2114C9C-3800-E7B0-B1DB-D1A1273483F1}.Debug|Any CPU.ActiveCfg = Debug|Any CPU
		{A2114C9C-3800-E7B0-B1DB-D1A1273483F1}.Debug|Any CPU.Build.0 = Debug|Any CPU
		{A2114C9C-3800-E7B0-B1DB-D1A1273483F1}.Release|Any CPU.ActiveCfg = Release|Any CPU
		{A2114C9C-3800-E7B0-B1DB-D1A1273483F1}.Release|Any CPU.Build.0 = Release|Any CPU
		{40CDDFEC-21B6-60E1-C8CC-5B3FC0FDF2E4}.Debug|Any CPU.ActiveCfg = Debug|Any CPU
		{40CDDFEC-21B6-60E1-C8CC-5B3FC0FDF2E4}.Debug|Any CPU.Build.0 = Debug|Any CPU
		{40CDDFEC-21B6-60E1-C8CC-5B3FC0FDF2E4}.Release|Any CPU.ActiveCfg = Release|Any CPU
		{40CDDFEC-21B6-60E1-C8CC-5B3FC0FDF2E4}.Release|Any CPU.Build.0 = Release|Any CPU
		{984B638A-2EBE-C7A9-9A96-7A099A9A6E0A}.Debug|Any CPU.ActiveCfg = Debug|Any CPU
		{984B638A-2EBE-C7A9-9A96-7A099A9A6E0A}.Debug|Any CPU.Build.0 = Debug|Any CPU
		{984B638A-2EBE-C7A9-9A96-7A099A9A6E0A}.Release|Any CPU.ActiveCfg = Release|Any CPU
		{984B638A-2EBE-C7A9-9A96-7A099A9A6E0A}.Release|Any CPU.Build.0 = Release|Any CPU
		{20F8006E-9827-005D-B2D9-C11B4F71DFB3}.Debug|Any CPU.ActiveCfg = Debug|Any CPU
		{20F8006E-9827-005D-B2D9-C11B4F71DFB3}.Debug|Any CPU.Build.0 = Debug|Any CPU
		{20F8006E-9827-005D-B2D9-C11B4F71DFB3}.Release|Any CPU.ActiveCfg = Release|Any CPU
		{20F8006E-9827-005D-B2D9-C11B4F71DFB3}.Release|Any CPU.Build.0 = Release|Any CPU
		{61BA61F0-FF3E-6D77-A755-A7146780D672}.Debug|Any CPU.ActiveCfg = Debug|Any CPU
		{61BA61F0-FF3E-6D77-A755-A7146780D672}.Debug|Any CPU.Build.0 = Debug|Any CPU
		{61BA61F0-FF3E-6D77-A755-A7146780D672}.Release|Any CPU.ActiveCfg = Release|Any CPU
		{61BA61F0-FF3E-6D77-A755-A7146780D672}.Release|Any CPU.Build.0 = Release|Any CPU
		{76E2A60A-FFD9-8469-1F5C-280CBF0D09A7}.Debug|Any CPU.ActiveCfg = Debug|Any CPU
		{76E2A60A-FFD9-8469-1F5C-280CBF0D09A7}.Debug|Any CPU.Build.0 = Debug|Any CPU
		{76E2A60A-FFD9-8469-1F5C-280CBF0D09A7}.Release|Any CPU.ActiveCfg = Release|Any CPU
		{76E2A60A-FFD9-8469-1F5C-280CBF0D09A7}.Release|Any CPU.Build.0 = Release|Any CPU
		{FED5839B-3452-42C4-8869-410EC729EC03}.Debug|Any CPU.ActiveCfg = Debug|Any CPU
		{FED5839B-3452-42C4-8869-410EC729EC03}.Debug|Any CPU.Build.0 = Debug|Any CPU
		{FED5839B-3452-42C4-8869-410EC729EC03}.Release|Any CPU.ActiveCfg = Release|Any CPU
		{FED5839B-3452-42C4-8869-410EC729EC03}.Release|Any CPU.Build.0 = Release|Any CPU
		{AAC4AB85-0F7E-84A4-957D-A173C6F62FBA}.Debug|Any CPU.ActiveCfg = Debug|Any CPU
		{AAC4AB85-0F7E-84A4-957D-A173C6F62FBA}.Debug|Any CPU.Build.0 = Debug|Any CPU
		{AAC4AB85-0F7E-84A4-957D-A173C6F62FBA}.Release|Any CPU.ActiveCfg = Release|Any CPU
		{AAC4AB85-0F7E-84A4-957D-A173C6F62FBA}.Release|Any CPU.Build.0 = Release|Any CPU
	EndGlobalSection
	GlobalSection(SolutionProperties) = preSolution
		HideSolutionNode = FALSE
	EndGlobalSection
	GlobalSection(MonoDevelopProperties) = preSolution
		StartupItem = Assembly-CSharp.csproj
	EndGlobalSection
EndGlobal
